
Microsoft Visual Studio Solution File, Format Version 12.00
# Visual Studio Version 17
VisualStudioVersion = 17.2.32616.157
MinimumVisualStudioVersion = 10.0.40219.1
Project("{FAE04EC0-301F-11D3-BF4B-00C04F79EFBC}") = "Hotkeys Example", "Hotkeys Example.csproj", "{A07AB810-D4B3-4DEF-A726-45A997D878FD}"
EndProject
Global
	GlobalSection(SolutionConfigurationPlatforms) = preSolution
		Debug|Any CPU = Debug|Any CPU
		Release|Any CPU = Release|Any CPU
	EndGlobalSection
	GlobalSection(ProjectConfigurationPlatforms) = postSolution
		{A07AB810-D4B3-4DEF-A726-45A997D878FD}.Debug|Any CPU.ActiveCfg = Debug|Any CPU
		{A07AB810-D4B3-4DEF-A726-45A997D878FD}.Debug|Any CPU.Build.0 = Debug|Any CPU
		{A07AB810-D4B3-4DEF-A726-45A997D878FD}.Release|Any CPU.ActiveCfg = Release|Any CPU
		{A07AB810-D4B3-4DEF-A726-45A997D878FD}.Release|Any CPU.Build.0 = Release|Any CPU
	EndGlobalSection
	GlobalSection(SolutionProperties) = preSolution
		HideSolutionNode = FALSE
	EndGlobalSection
	GlobalSection(ExtensibilityGlobals) = postSolution
		SolutionGuid = {39F5928B-D247-4A7F-B72B-6BDAC529D025}
	EndGlobalSection
EndGlobal
